
Microsoft Visual Studio Solution File, Format Version 12.00
# Visual Studio 15
VisualStudioVersion = 15.0.33919.361
MinimumVisualStudioVersion = 10.0.40219.1
Project("{8BC9CEB8-8B4A-11D0-8D11-00A0C91BC942}") = "ordering_method", "ordering_method\ordering_method.vcxproj", "{610A491F-F009-4C4D-86BF-AA01C827B956}"
EndProject
Global
	GlobalSection(SolutionConfigurationPlatforms) = preSolution
		Debug|x64 = Debug|x64
		Debug|x86 = Debug|x86
		Release|x64 = Release|x64
		Release|x86 = Release|x86
	EndGlobalSection
	GlobalSection(ProjectConfigurationPlatforms) = postSolution
		{610A491F-F009-4C4D-86BF-AA01C827B956}.Debug|x64.ActiveCfg = Debug|x64
		{610A491F-F009-4C4D-86BF-AA01C827B956}.Debug|x64.Build.0 = Debug|x64
		{610A491F-F009-4C4D-86BF-AA01C827B956}.Debug|x86.ActiveCfg = Debug|Win32
		{610A491F-F009-4C4D-86BF-AA01C827B956}.Debug|x86.Build.0 = Debug|Win32
		{610A491F-F009-4C4D-86BF-AA01C827B956}.Release|x64.ActiveCfg = Release|x64
		{610A491F-F009-4C4D-86BF-AA01C827B956}.Release|x64.Build.0 = Release|x64
		{610A491F-F009-4C4D-86BF-AA01C827B956}.Release|x86.ActiveCfg = Release|Win32
		{610A491F-F009-4C4D-86BF-AA01C827B956}.Release|x86.Build.0 = Release|Win32
	EndGlobalSection
	GlobalSection(SolutionProperties) = preSolution
		HideSolutionNode = FALSE
	EndGlobalSection
	GlobalSection(ExtensibilityGlobals) = postSolution
		SolutionGuid = {A456394C-7FD3-42E4-83EB-98A9F1DF03EC}
	EndGlobalSection
EndGlobal
